# THIS IS AN AUTOGENERATED FILE. DO NOT EDIT THIS FILE DIRECTLY.
# yarn lockfile v1


"@babel/runtime@^7.1.2":
  version "7.1.2"
  resolved "https://registry.yarnpkg.com/@babel/runtime/-/runtime-7.1.2.tgz#81c89935f4647706fc54541145e6b4ecfef4b8e3"
  dependencies:
    regenerator-runtime "^0.12.0"

"@types/node@*":
  version "10.12.0"
  resolved "https://registry.yarnpkg.com/@types/node/-/node-10.12.0.tgz#ea6dcbddbc5b584c83f06c60e82736d8fbb0c235"

"@types/prop-types@*":
  version "15.5.6"
  resolved "https://registry.yarnpkg.com/@types/prop-types/-/prop-types-15.5.6.tgz#9c03d3fed70a8d517c191b7734da2879b50ca26c"

"@types/react-dom@^16.0.9":
  version "16.0.9"
  resolved "https://registry.yarnpkg.com/@types/react-dom/-/react-dom-16.0.9.tgz#73ceb7abe6703822eab6600e65c5c52efd07fb91"
  dependencies:
    "@types/node" "*"
    "@types/react" "*"

"@types/react@*", "@types/react@^16.4.18":
  version "16.4.18"
  resolved "https://registry.yarnpkg.com/@types/react/-/react-16.4.18.tgz#2e28a2e7f92d3fa7d6a65f2b73275c3e3138a13d"
  dependencies:
    "@types/prop-types" "*"
    csstype "^2.2.0"

bowser@^1.7.3:
  version "1.9.4"
  resolved "https://registry.yarnpkg.com/bowser/-/bowser-1.9.4.tgz#890c58a2813a9d3243704334fa81b96a5c150c9a"

css-in-js-utils@^2.0.0:
  version "2.0.1"
  resolved "http://registry.npmjs.org/css-in-js-utils/-/css-in-js-utils-2.0.1.tgz#3b472b398787291b47cfe3e44fecfdd9e914ba99"
  dependencies:
    hyphenate-style-name "^1.0.2"
    isobject "^3.0.1"

css-tree@^1.0.0-alpha.28:
  version "1.0.0-alpha.29"
  resolved "https://registry.yarnpkg.com/css-tree/-/css-tree-1.0.0-alpha.29.tgz#3fa9d4ef3142cbd1c301e7664c1f352bd82f5a39"
  dependencies:
    mdn-data "~1.1.0"
    source-map "^0.5.3"

csstype@^2.2.0, csstype@^2.5.5:
  version "2.5.7"
  resolved "https://registry.yarnpkg.com/csstype/-/csstype-2.5.7.tgz#bf9235d5872141eccfb2d16d82993c6b149179ff"

error-stack-parser@^2.0.1:
  version "2.0.2"
  resolved "https://registry.yarnpkg.com/error-stack-parser/-/error-stack-parser-2.0.2.tgz#4ae8dbaa2bf90a8b450707b9149dcabca135520d"
  dependencies:
    stackframe "^1.0.4"

fastest-stable-stringify@^1.0.1:
  version "1.0.1"
  resolved "https://registry.yarnpkg.com/fastest-stable-stringify/-/fastest-stable-stringify-1.0.1.tgz#9122d406d4c9d98bea644a6b6853d5874b87b028"

hyphenate-style-name@^1.0.2:
  version "1.0.2"
  resolved "https://registry.yarnpkg.com/hyphenate-style-name/-/hyphenate-style-name-1.0.2.tgz#31160a36930adaf1fc04c6074f7eb41465d4ec4b"

inline-style-prefixer@^4.0.0:
  version "4.0.2"
  resolved "https://registry.yarnpkg.com/inline-style-prefixer/-/inline-style-prefixer-4.0.2.tgz#d390957d26f281255fe101da863158ac6eb60911"
  dependencies:
    bowser "^1.7.3"
    css-in-js-utils "^2.0.0"

isobject@^3.0.1:
  version "3.0.1"
  resolved "https://registry.yarnpkg.com/isobject/-/isobject-3.0.1.tgz#4e431e92b11a9731636aa1f9c8d1ccbcfdab78df"

json2mq@^0.2.0:
  version "0.2.0"
  resolved "https://registry.yarnpkg.com/json2mq/-/json2mq-0.2.0.tgz#b637bd3ba9eabe122c83e9720483aeb10d2c904a"
  dependencies:
    string-convert "^0.2.0"

lodash@^4.17.11:
  version "4.17.11"
  resolved "https://registry.yarnpkg.com/lodash/-/lodash-4.17.11.tgz#b39ea6229ef607ecd89e2c8df12536891cac9b8d"

mdn-data@~1.1.0:
  version "1.1.4"
  resolved "https://registry.yarnpkg.com/mdn-data/-/mdn-data-1.1.4.tgz#50b5d4ffc4575276573c4eedb8780812a8419f01"

nano-css@^3.4.0:
  version "3.4.0"
  resolved "https://registry.yarnpkg.com/nano-css/-/nano-css-3.4.0.tgz#b8086a6ee5e198e31c74897187d44f52c0177cd7"
  dependencies:
    css-tree "^1.0.0-alpha.28"
    csstype "^2.5.5"
    fastest-stable-stringify "^1.0.1"
    inline-style-prefixer "^4.0.0"
    rtl-css-js "^1.9.0"
    sourcemap-codec "^1.4.1"
    stacktrace-js "^2.0.0"
    stylis "3.5.0"

react-cache@^2.0.0-alpha.0:
  version "2.0.0-alpha.0"
  resolved "https://registry.yarnpkg.com/react-cache/-/react-cache-2.0.0-alpha.0.tgz#d02d16a4565fd9f12478a2a41e980ba4fcbab4d5"

react-use@^1.7.0:
  version "1.7.0"
  resolved "https://registry.yarnpkg.com/react-use/-/react-use-1.7.0.tgz#9aab5a7b0a951a2ba63a77c0ed431c3f205fb4b3"
  dependencies:
    "@types/react" "^16.4.18"
    "@types/react-dom" "^16.0.9"
    nano-css "^3.4.0"
    rebound "^0.1.0"
    throttle-debounce "^2.0.1"
    ts-easing "^0.1.0"

rebound@^0.1.0:
  version "0.1.0"
  resolved "https://registry.yarnpkg.com/rebound/-/rebound-0.1.0.tgz#0638c61a93666bb515a58a03e1cfb34021e88b72"

regenerator-runtime@^0.12.0:
  version "0.12.1"
  resolved "https://registry.yarnpkg.com/regenerator-runtime/-/regenerator-runtime-0.12.1.tgz#fa1a71544764c036f8c49b13a08b2594c9f8a0de"

rtl-css-js@^1.9.0:
  version "1.11.0"
  resolved "https://registry.yarnpkg.com/rtl-css-js/-/rtl-css-js-1.11.0.tgz#a7151930ef9d54656607d754ebb172ddfc9ef836"
  dependencies:
    "@babel/runtime" "^7.1.2"

source-map@0.5.6:
  version "0.5.6"
  resolved "https://registry.yarnpkg.com/source-map/-/source-map-0.5.6.tgz#75ce38f52bf0733c5a7f0c118d81334a2bb5f412"

source-map@^0.5.3:
  version "0.5.7"
  resolved "https://registry.yarnpkg.com/source-map/-/source-map-0.5.7.tgz#8a039d2d1021d22d1ea14c80d8ea468ba2ef3fcc"

sourcemap-codec@^1.4.1:
  version "1.4.3"
  resolved "https://registry.yarnpkg.com/sourcemap-codec/-/sourcemap-codec-1.4.3.tgz#0ba615b73ec35112f63c2f2d9e7c3f87282b0e33"

stack-generator@^2.0.1:
  version "2.0.3"
  resolved "https://registry.yarnpkg.com/stack-generator/-/stack-generator-2.0.3.tgz#bb74385c67ffc4ccf3c4dee5831832d4e509c8a0"
  dependencies:
    stackframe "^1.0.4"

stackframe@^1.0.4:
  version "1.0.4"
  resolved "https://registry.yarnpkg.com/stackframe/-/stackframe-1.0.4.tgz#357b24a992f9427cba6b545d96a14ed2cbca187b"

stacktrace-gps@^3.0.1:
  version "3.0.2"
  resolved "https://registry.yarnpkg.com/stacktrace-gps/-/stacktrace-gps-3.0.2.tgz#33f8baa4467323ab2bd1816efa279942ba431ccc"
  dependencies:
    source-map "0.5.6"
    stackframe "^1.0.4"

stacktrace-js@^2.0.0:
  version "2.0.0"
  resolved "https://registry.yarnpkg.com/stacktrace-js/-/stacktrace-js-2.0.0.tgz#776ca646a95bc6c6b2b90776536a7fc72c6ddb58"
  dependencies:
    error-stack-parser "^2.0.1"
    stack-generator "^2.0.1"
    stacktrace-gps "^3.0.1"

string-convert@^0.2.0:
  version "0.2.1"
  resolved "https://registry.yarnpkg.com/string-convert/-/string-convert-0.2.1.tgz#6982cc3049fbb4cd85f8b24568b9d9bf39eeff97"

stylis@3.5.0:
  version "3.5.0"
  resolved "https://registry.yarnpkg.com/stylis/-/stylis-3.5.0.tgz#016fa239663d77f868fef5b67cf201c4b7c701e1"

the-platform@^0.8.0:
  version "0.8.0"
  resolved "https://registry.yarnpkg.com/the-platform/-/the-platform-0.8.0.tgz#b933123a5d25f32461a29cfa666e47a1de808d50"
  dependencies:
    json2mq "^0.2.0"
    lodash "^4.17.11"
    react-cache "^2.0.0-alpha.0"

throttle-debounce@^2.0.1:
  version "2.0.1"
  resolved "https://registry.yarnpkg.com/throttle-debounce/-/throttle-debounce-2.0.1.tgz#7307ddd6cd9acadb349132fbf6c18d78c88a5e62"

ts-easing@^0.1.0:
  version "0.1.1"
  resolved "https://registry.yarnpkg.com/ts-easing/-/ts-easing-0.1.1.tgz#055c68ba878ddb78d7b22ce4852557b8b8366bcd"
